
Microsoft Visual Studio Solution File, Format Version 12.00
# Visual Studio 14
VisualStudioVersion = 14.0.25420.1
MinimumVisualStudioVersion = 10.0.40219.1
Project("{2150E333-8FDC-42A3-9474-1A3956D46DE8}") = "src", "src", "{AC295EEA-D319-4146-97E0-B978DF6F2557}"
EndProject
Project("{2150E333-8FDC-42A3-9474-1A3956D46DE8}") = "global", "global", "{66B005E9-A083-41E8-BD89-4D6E753CD8BF}"
	ProjectSection(SolutionItems) = preProject
		appveyor.yml = appveyor.yml
		Benchmark.ps1 = Benchmark.ps1
		Build.ps1 = Build.ps1
		global.json = global.json
		LICENSE = LICENSE
		README.md = README.md
	EndProjectSection
EndProject
Project("{8BB2217D-0F2D-49D1-97BC-3654ED321F3B}") = "Superpower", "src\Superpower\Superpower.xproj", "{D4E037DE-9778-4E48-A4A7-E8C1751E637C}"
EndProject
Project("{2150E333-8FDC-42A3-9474-1A3956D46DE8}") = "test", "test", "{2ED926D3-7AC8-4BFD-A16B-74D942602968}"
EndProject
Project("{2150E333-8FDC-42A3-9474-1A3956D46DE8}") = "asset", "asset", "{69238E6E-26AB-494B-8CBD-65F8C1F0696A}"
	ProjectSection(SolutionItems) = preProject
		asset\Superpower.snk = asset\Superpower.snk
	EndProjectSection
EndProject
Project("{2150E333-8FDC-42A3-9474-1A3956D46DE8}") = "sample", "sample", "{7533E145-1C93-4348-A70D-E68746C5438C}"
EndProject
Project("{8BB2217D-0F2D-49D1-97BC-3654ED321F3B}") = "Superpower.Tests", "test\Superpower.Tests\Superpower.Tests.xproj", "{CD473266-4AED-4207-89FD-0B185239F1C7}"
EndProject
Project("{8BB2217D-0F2D-49D1-97BC-3654ED321F3B}") = "Sample", "sample\Sample\Sample.xproj", "{34BBD428-8297-484E-B771-0B72C172C264}"
EndProject
Project("{8BB2217D-0F2D-49D1-97BC-3654ED321F3B}") = "Superpower.Benchmarks", "test\Superpower.Benchmarks\Superpower.Benchmarks.xproj", "{1A9C8D7E-4DFC-48CD-99B0-63612197E95F}"
EndProject
Project("{2150E333-8FDC-42A3-9474-1A3956D46DE8}") = "results", "results", "{D8D9BA69-4FD8-4F31-9ECC-227D85733D15}"
	ProjectSection(SolutionItems) = preProject
		results\NumberListBenchmark-report-github.md = results\NumberListBenchmark-report-github.md
		results\NumberListBenchmark-report.csv = results\NumberListBenchmark-report.csv
		results\NumberListBenchmark-report.html = results\NumberListBenchmark-report.html
	EndProjectSection
EndProject
Global
	GlobalSection(SolutionConfigurationPlatforms) = preSolution
		Debug|Any CPU = Debug|Any CPU
		Release|Any CPU = Release|Any CPU
	EndGlobalSection
	GlobalSection(ProjectConfigurationPlatforms) = postSolution
		{D4E037DE-9778-4E48-A4A7-E8C1751E637C}.Debug|Any CPU.ActiveCfg = Debug|Any CPU
		{D4E037DE-9778-4E48-A4A7-E8C1751E637C}.Debug|Any CPU.Build.0 = Debug|Any CPU
		{D4E037DE-9778-4E48-A4A7-E8C1751E637C}.Release|Any CPU.ActiveCfg = Release|Any CPU
		{D4E037DE-9778-4E48-A4A7-E8C1751E637C}.Release|Any CPU.Build.0 = Release|Any CPU
		{CD473266-4AED-4207-89FD-0B185239F1C7}.Debug|Any CPU.ActiveCfg = Debug|Any CPU
		{CD473266-4AED-4207-89FD-0B185239F1C7}.Debug|Any CPU.Build.0 = Debug|Any CPU
		{CD473266-4AED-4207-89FD-0B185239F1C7}.Release|Any CPU.ActiveCfg = Release|Any CPU
		{CD473266-4AED-4207-89FD-0B185239F1C7}.Release|Any CPU.Build.0 = Release|Any CPU
		{34BBD428-8297-484E-B771-0B72C172C264}.Debug|Any CPU.ActiveCfg = Debug|Any CPU
		{34BBD428-8297-484E-B771-0B72C172C264}.Debug|Any CPU.Build.0 = Debug|Any CPU
		{34BBD428-8297-484E-B771-0B72C172C264}.Release|Any CPU.ActiveCfg = Release|Any CPU
		{34BBD428-8297-484E-B771-0B72C172C264}.Release|Any CPU.Build.0 = Release|Any CPU
		{1A9C8D7E-4DFC-48CD-99B0-63612197E95F}.Debug|Any CPU.ActiveCfg = Debug|Any CPU
		{1A9C8D7E-4DFC-48CD-99B0-63612197E95F}.Debug|Any CPU.Build.0 = Debug|Any CPU
		{1A9C8D7E-4DFC-48CD-99B0-63612197E95F}.Release|Any CPU.ActiveCfg = Release|Any CPU
		{1A9C8D7E-4DFC-48CD-99B0-63612197E95F}.Release|Any CPU.Build.0 = Release|Any CPU
	EndGlobalSection
	GlobalSection(SolutionProperties) = preSolution
		HideSolutionNode = FALSE
	EndGlobalSection
	GlobalSection(NestedProjects) = preSolution
		{D4E037DE-9778-4E48-A4A7-E8C1751E637C} = {AC295EEA-D319-4146-97E0-B978DF6F2557}
		{CD473266-4AED-4207-89FD-0B185239F1C7} = {2ED926D3-7AC8-4BFD-A16B-74D942602968}
		{34BBD428-8297-484E-B771-0B72C172C264} = {7533E145-1C93-4348-A70D-E68746C5438C}
		{1A9C8D7E-4DFC-48CD-99B0-63612197E95F} = {2ED926D3-7AC8-4BFD-A16B-74D942602968}
	EndGlobalSection
EndGlobal
